
Microsoft Visual Studio Solution File, Format Version 12.00
# Visual Studio Version 16
VisualStudioVersion = 16.0.30330.147
MinimumVisualStudioVersion = 10.0.40219.1
Project("{FAE04EC0-301F-11D3-BF4B-00C04F79EFBC}") = "cadastroCliente", "cadastroCliente\cadastroCliente.csproj", "{89530F43-CD32-4D62-B36E-344646605C57}"
EndProject
Global
	GlobalSection(SolutionConfigurationPlatforms) = preSolution
		Debug|Any CPU = Debug|Any CPU
		Release|Any CPU = Release|Any CPU
	EndGlobalSection
	GlobalSection(ProjectConfigurationPlatforms) = postSolution
		{89530F43-CD32-4D62-B36E-344646605C57}.Debug|Any CPU.ActiveCfg = Debug|Any CPU
		{89530F43-CD32-4D62-B36E-344646605C57}.Debug|Any CPU.Build.0 = Debug|Any CPU
		{89530F43-CD32-4D62-B36E-344646605C57}.Release|Any CPU.ActiveCfg = Release|Any CPU
		{89530F43-CD32-4D62-B36E-344646605C57}.Release|Any CPU.Build.0 = Release|Any CPU
	EndGlobalSection
	GlobalSection(SolutionProperties) = preSolution
		HideSolutionNode = FALSE
	EndGlobalSection
	GlobalSection(ExtensibilityGlobals) = postSolution
		SolutionGuid = {05626FB5-FE00-48FC-A207-52FB03DE44FB}
	EndGlobalSection
EndGlobal
