
Microsoft Visual Studio Solution File, Format Version 12.00
# Visual Studio 15
VisualStudioVersion = 15.0.28307.1231
MinimumVisualStudioVersion = 10.0.40219.1
Project("{FAE04EC0-301F-11D3-BF4B-00C04F79EFBC}") = "ConversorDeMoedas", "ConversorDeMoedas\ConversorDeMoedas.csproj", "{4F2F05CF-0A9C-4283-83CD-9F07C4DFC968}"
EndProject
Global
	GlobalSection(SolutionConfigurationPlatforms) = preSolution
		Debug|Any CPU = Debug|Any CPU
		Release|Any CPU = Release|Any CPU
	EndGlobalSection
	GlobalSection(ProjectConfigurationPlatforms) = postSolution
		{4F2F05CF-0A9C-4283-83CD-9F07C4DFC968}.Debug|Any CPU.ActiveCfg = Debug|Any CPU
		{4F2F05CF-0A9C-4283-83CD-9F07C4DFC968}.Debug|Any CPU.Build.0 = Debug|Any CPU
		{4F2F05CF-0A9C-4283-83CD-9F07C4DFC968}.Release|Any CPU.ActiveCfg = Release|Any CPU
		{4F2F05CF-0A9C-4283-83CD-9F07C4DFC968}.Release|Any CPU.Build.0 = Release|Any CPU
	EndGlobalSection
	GlobalSection(SolutionProperties) = preSolution
		HideSolutionNode = FALSE
	EndGlobalSection
	GlobalSection(ExtensibilityGlobals) = postSolution
		SolutionGuid = {EA1E539D-3DC6-45C6-900D-E9A52CF22A55}
	EndGlobalSection
EndGlobal
